
Microsoft Visual Studio Solution File, Format Version 12.00
# Visual Studio Version 16
VisualStudioVersion = 16.0.29123.89
MinimumVisualStudioVersion = 10.0.40219.1
Project("{9A19103F-16F7-4668-BE54-9A1E7A4F7556}") = "Demo-Speech-Recognition-App", "Demo-Speech-Recognition-App\Demo-Speech-Recognition-App.csproj", "{4BFCF77A-40AA-4740-B2D9-80D1118580A6}"
EndProject
Project("{9A19103F-16F7-4668-BE54-9A1E7A4F7556}") = "Demo-Speech-Recognition-Web", "Demo-Speech-Recognition-Web\Demo-Speech-Recognition-Web.csproj", "{22315599-8EB2-4676-AC4C-237E5A06A1E1}"
EndProject
Global
	GlobalSection(SolutionConfigurationPlatforms) = preSolution
		Debug|Any CPU = Debug|Any CPU
		Release|Any CPU = Release|Any CPU
	EndGlobalSection
	GlobalSection(ProjectConfigurationPlatforms) = postSolution
		{4BFCF77A-40AA-4740-B2D9-80D1118580A6}.Debug|Any CPU.ActiveCfg = Debug|Any CPU
		{4BFCF77A-40AA-4740-B2D9-80D1118580A6}.Debug|Any CPU.Build.0 = Debug|Any CPU
		{4BFCF77A-40AA-4740-B2D9-80D1118580A6}.Release|Any CPU.ActiveCfg = Release|Any CPU
		{4BFCF77A-40AA-4740-B2D9-80D1118580A6}.Release|Any CPU.Build.0 = Release|Any CPU
		{22315599-8EB2-4676-AC4C-237E5A06A1E1}.Debug|Any CPU.ActiveCfg = Debug|Any CPU
		{22315599-8EB2-4676-AC4C-237E5A06A1E1}.Debug|Any CPU.Build.0 = Debug|Any CPU
		{22315599-8EB2-4676-AC4C-237E5A06A1E1}.Release|Any CPU.ActiveCfg = Release|Any CPU
		{22315599-8EB2-4676-AC4C-237E5A06A1E1}.Release|Any CPU.Build.0 = Release|Any CPU
	EndGlobalSection
	GlobalSection(SolutionProperties) = preSolution
		HideSolutionNode = FALSE
	EndGlobalSection
	GlobalSection(ExtensibilityGlobals) = postSolution
		SolutionGuid = {E5EC61DE-7CDA-4B8B-80BF-A33E15E17C23}
	EndGlobalSection
EndGlobal
